
Microsoft Visual Studio Solution File, Format Version 12.00
# Visual Studio Version 17
VisualStudioVersion = 17.9.34728.123
MinimumVisualStudioVersion = 10.0.40219.1
Project("{2150E333-8FDC-42A3-9474-1A3956D46DE8}") = "Consoles", "Consoles", "{BBEE886D-7F00-4333-B813-110681925F88}"
EndProject
Project("{FAE04EC0-301F-11D3-BF4B-00C04F79EFBC}") = "Consoles", "Consoles\Consoles.csproj", "{EB887EDA-794B-49AC-B0D8-490DC71200C9}"
EndProject
Global
	GlobalSection(SolutionConfigurationPlatforms) = preSolution
		Debug|Any CPU = Debug|Any CPU
		Release|Any CPU = Release|Any CPU
	EndGlobalSection
	GlobalSection(ProjectConfigurationPlatforms) = postSolution
		{EB887EDA-794B-49AC-B0D8-490DC71200C9}.Debug|Any CPU.ActiveCfg = Debug|Any CPU
		{EB887EDA-794B-49AC-B0D8-490DC71200C9}.Debug|Any CPU.Build.0 = Debug|Any CPU
		{EB887EDA-794B-49AC-B0D8-490DC71200C9}.Release|Any CPU.ActiveCfg = Release|Any CPU
		{EB887EDA-794B-49AC-B0D8-490DC71200C9}.Release|Any CPU.Build.0 = Release|Any CPU
	EndGlobalSection
	GlobalSection(SolutionProperties) = preSolution
		HideSolutionNode = FALSE
	EndGlobalSection
	GlobalSection(NestedProjects) = preSolution
		{EB887EDA-794B-49AC-B0D8-490DC71200C9} = {BBEE886D-7F00-4333-B813-110681925F88}
	EndGlobalSection
	GlobalSection(ExtensibilityGlobals) = postSolution
		SolutionGuid = {EC62007F-F5E0-4AD3-B9EA-6C128D538BD2}
	EndGlobalSection
EndGlobal
